
Microsoft Visual Studio Solution File, Format Version 12.00
# Visual Studio 2013
VisualStudioVersion = 12.0.30501.0
MinimumVisualStudioVersion = 10.0.40219.1
Project("{F2A71F9B-5D33-465A-A702-920D77279786}") = "FSharp.Temporality", "FSharp.Temporality\FSharp.Temporality.fsproj", "{49B05A34-A660-4E09-B733-145C11C783AA}"
EndProject
Project("{F2A71F9B-5D33-465A-A702-920D77279786}") = "FSharp.Temporality.Test", "FSharp.Temporality.Test\FSharp.Temporality.Test.fsproj", "{5C48EE88-6A50-4EAF-85F7-77A766CC4E31}"
EndProject
Global
	GlobalSection(SolutionConfigurationPlatforms) = preSolution
		Debug|Any CPU = Debug|Any CPU
		Release|Any CPU = Release|Any CPU
	EndGlobalSection
	GlobalSection(ProjectConfigurationPlatforms) = postSolution
		{49B05A34-A660-4E09-B733-145C11C783AA}.Debug|Any CPU.ActiveCfg = Debug|Any CPU
		{49B05A34-A660-4E09-B733-145C11C783AA}.Debug|Any CPU.Build.0 = Debug|Any CPU
		{49B05A34-A660-4E09-B733-145C11C783AA}.Release|Any CPU.ActiveCfg = Release|Any CPU
		{49B05A34-A660-4E09-B733-145C11C783AA}.Release|Any CPU.Build.0 = Release|Any CPU
		{5C48EE88-6A50-4EAF-85F7-77A766CC4E31}.Debug|Any CPU.ActiveCfg = Debug|Any CPU
		{5C48EE88-6A50-4EAF-85F7-77A766CC4E31}.Debug|Any CPU.Build.0 = Debug|Any CPU
		{5C48EE88-6A50-4EAF-85F7-77A766CC4E31}.Release|Any CPU.ActiveCfg = Release|Any CPU
		{5C48EE88-6A50-4EAF-85F7-77A766CC4E31}.Release|Any CPU.Build.0 = Release|Any CPU
	EndGlobalSection
	GlobalSection(SolutionProperties) = preSolution
		HideSolutionNode = FALSE
	EndGlobalSection
EndGlobal
