
Microsoft Visual Studio Solution File, Format Version 12.00
# Visual Studio 14
VisualStudioVersion = 14.0.23107.0
MinimumVisualStudioVersion = 10.0.40219.1
Project("{2150E333-8FDC-42A3-9474-1A3956D46DE8}") = ".nuget", ".nuget", "{3D282343-3479-424E-982E-6EAE423C4FC8}"
	ProjectSection(SolutionItems) = preProject
		.nuget\NuGet.Config = .nuget\NuGet.Config
		.nuget\NuGet.exe = .nuget\NuGet.exe
		.nuget\NuGet.targets = .nuget\NuGet.targets
	EndProjectSection
EndProject
Project("{F2A71F9B-5D33-465A-A702-920D77279786}") = "FSharp.Temporality.Test", "FSharp.Temporality.Test\FSharp.Temporality.Test.fsproj", "{AB96222B-0AC0-4EEE-A707-20B8779D8C55}"
EndProject
Project("{F2A71F9B-5D33-465A-A702-920D77279786}") = "FSharp.Temporality", "FSharp.Temporality\FSharp.Temporality.fsproj", "{5B9FBA10-9E8F-4CF0-9C00-DFE1011F0D90}"
EndProject
Project("{2150E333-8FDC-42A3-9474-1A3956D46DE8}") = ".paket", ".paket", "{72D0A17F-5324-40A8-B5EC-AAE779B0D70A}"
	ProjectSection(SolutionItems) = preProject
		.paket\paket.bootstrapper.exe = .paket\paket.bootstrapper.exe
		paket.dependencies = paket.dependencies
		.paket\paket.exe = .paket\paket.exe
		.paket\paket.targets = .paket\paket.targets
	EndProjectSection
EndProject
Project("{2150E333-8FDC-42A3-9474-1A3956D46DE8}") = ".build", ".build", "{7AEC135F-BFBF-4634-AC61-9CDF6CE00D76}"
	ProjectSection(SolutionItems) = preProject
		build.cmd = build.cmd
		build.fsx = build.fsx
		README.md = README.md
		RELEASE_NOTES.md = RELEASE_NOTES.md
	EndProjectSection
EndProject
Global
	GlobalSection(SolutionConfigurationPlatforms) = preSolution
		Debug|Any CPU = Debug|Any CPU
		Release|Any CPU = Release|Any CPU
	EndGlobalSection
	GlobalSection(ProjectConfigurationPlatforms) = postSolution
		{AB96222B-0AC0-4EEE-A707-20B8779D8C55}.Debug|Any CPU.ActiveCfg = Debug|Any CPU
		{AB96222B-0AC0-4EEE-A707-20B8779D8C55}.Debug|Any CPU.Build.0 = Debug|Any CPU
		{AB96222B-0AC0-4EEE-A707-20B8779D8C55}.Release|Any CPU.ActiveCfg = Release|Any CPU
		{AB96222B-0AC0-4EEE-A707-20B8779D8C55}.Release|Any CPU.Build.0 = Release|Any CPU
		{5B9FBA10-9E8F-4CF0-9C00-DFE1011F0D90}.Debug|Any CPU.ActiveCfg = Debug|Any CPU
		{5B9FBA10-9E8F-4CF0-9C00-DFE1011F0D90}.Debug|Any CPU.Build.0 = Debug|Any CPU
		{5B9FBA10-9E8F-4CF0-9C00-DFE1011F0D90}.Release|Any CPU.ActiveCfg = Release|Any CPU
		{5B9FBA10-9E8F-4CF0-9C00-DFE1011F0D90}.Release|Any CPU.Build.0 = Release|Any CPU
	EndGlobalSection
	GlobalSection(SolutionProperties) = preSolution
		HideSolutionNode = FALSE
	EndGlobalSection
EndGlobal
