
Microsoft Visual Studio Solution File, Format Version 12.00
# Visual Studio Version 16
VisualStudioVersion = 16.0.30114.105
MinimumVisualStudioVersion = 10.0.40219.1
Project("{2150E333-8FDC-42A3-9474-1A3956D46DE8}") = "src", "src", "{8B41C532-0CD1-43C4-BEC9-29991DC55FBC}"
EndProject
Project("{F2A71F9B-5D33-465A-A702-920D77279786}") = "Outatime", "src\Outatime\Outatime.fsproj", "{95257D98-7DA0-40EE-961B-38AE054C2210}"
EndProject
Project("{2150E333-8FDC-42A3-9474-1A3956D46DE8}") = ".paket", ".paket", "{72D0A17F-5324-40A8-B5EC-AAE779B0D70A}"
	ProjectSection(SolutionItems) = preProject
		paket.dependencies = paket.dependencies
		paket.lock = paket.lock
		.paket\paket.targets = .paket\paket.targets
	EndProjectSection
EndProject
Project("{2150E333-8FDC-42A3-9474-1A3956D46DE8}") = ".build", ".build", "{7AEC135F-BFBF-4634-AC61-9CDF6CE00D76}"
	ProjectSection(SolutionItems) = preProject
		build.fsx = build.fsx
		icon.png = icon.png
		intro.jpg = intro.jpg
		README.md = README.md
		RELEASE_NOTES.md = RELEASE_NOTES.md
		template.nuspec = template.nuspec
	EndProjectSection
EndProject
Project("{F2A71F9B-5D33-465A-A702-920D77279786}") = "Outatime.Test", "src\Outatime.Test\Outatime.Test.fsproj", "{836E3DEB-4F9D-45B3-8E58-E6C5D4D441E3}"
EndProject
Global
	GlobalSection(SolutionConfigurationPlatforms) = preSolution
		Debug|Any CPU = Debug|Any CPU
		Debug|x64 = Debug|x64
		Debug|x86 = Debug|x86
		Release|Any CPU = Release|Any CPU
		Release|x64 = Release|x64
		Release|x86 = Release|x86
	EndGlobalSection
	GlobalSection(SolutionProperties) = preSolution
		HideSolutionNode = FALSE
	EndGlobalSection
	GlobalSection(ProjectConfigurationPlatforms) = postSolution
		{95257D98-7DA0-40EE-961B-38AE054C2210}.Debug|Any CPU.ActiveCfg = Debug|Any CPU
		{95257D98-7DA0-40EE-961B-38AE054C2210}.Debug|Any CPU.Build.0 = Debug|Any CPU
		{95257D98-7DA0-40EE-961B-38AE054C2210}.Debug|x64.ActiveCfg = Debug|Any CPU
		{95257D98-7DA0-40EE-961B-38AE054C2210}.Debug|x64.Build.0 = Debug|Any CPU
		{95257D98-7DA0-40EE-961B-38AE054C2210}.Debug|x86.ActiveCfg = Debug|Any CPU
		{95257D98-7DA0-40EE-961B-38AE054C2210}.Debug|x86.Build.0 = Debug|Any CPU
		{95257D98-7DA0-40EE-961B-38AE054C2210}.Release|Any CPU.ActiveCfg = Release|Any CPU
		{95257D98-7DA0-40EE-961B-38AE054C2210}.Release|Any CPU.Build.0 = Release|Any CPU
		{95257D98-7DA0-40EE-961B-38AE054C2210}.Release|x64.ActiveCfg = Release|Any CPU
		{95257D98-7DA0-40EE-961B-38AE054C2210}.Release|x64.Build.0 = Release|Any CPU
		{95257D98-7DA0-40EE-961B-38AE054C2210}.Release|x86.ActiveCfg = Release|Any CPU
		{95257D98-7DA0-40EE-961B-38AE054C2210}.Release|x86.Build.0 = Release|Any CPU
		{836E3DEB-4F9D-45B3-8E58-E6C5D4D441E3}.Debug|Any CPU.ActiveCfg = Debug|Any CPU
		{836E3DEB-4F9D-45B3-8E58-E6C5D4D441E3}.Debug|Any CPU.Build.0 = Debug|Any CPU
		{836E3DEB-4F9D-45B3-8E58-E6C5D4D441E3}.Debug|x64.ActiveCfg = Debug|Any CPU
		{836E3DEB-4F9D-45B3-8E58-E6C5D4D441E3}.Debug|x64.Build.0 = Debug|Any CPU
		{836E3DEB-4F9D-45B3-8E58-E6C5D4D441E3}.Debug|x86.ActiveCfg = Debug|Any CPU
		{836E3DEB-4F9D-45B3-8E58-E6C5D4D441E3}.Debug|x86.Build.0 = Debug|Any CPU
		{836E3DEB-4F9D-45B3-8E58-E6C5D4D441E3}.Release|Any CPU.ActiveCfg = Release|Any CPU
		{836E3DEB-4F9D-45B3-8E58-E6C5D4D441E3}.Release|Any CPU.Build.0 = Release|Any CPU
		{836E3DEB-4F9D-45B3-8E58-E6C5D4D441E3}.Release|x64.ActiveCfg = Release|Any CPU
		{836E3DEB-4F9D-45B3-8E58-E6C5D4D441E3}.Release|x64.Build.0 = Release|Any CPU
		{836E3DEB-4F9D-45B3-8E58-E6C5D4D441E3}.Release|x86.ActiveCfg = Release|Any CPU
		{836E3DEB-4F9D-45B3-8E58-E6C5D4D441E3}.Release|x86.Build.0 = Release|Any CPU
	EndGlobalSection
	GlobalSection(NestedProjects) = preSolution
		{95257D98-7DA0-40EE-961B-38AE054C2210} = {8B41C532-0CD1-43C4-BEC9-29991DC55FBC}
		{836E3DEB-4F9D-45B3-8E58-E6C5D4D441E3} = {8B41C532-0CD1-43C4-BEC9-29991DC55FBC}
	EndGlobalSection
EndGlobal
